
Microsoft Visual Studio Solution File, Format Version 12.00
# Visual Studio 14
VisualStudioVersion = 14.0.25123.0
MinimumVisualStudioVersion = 10.0.40219.1
Project("{FAE04EC0-301F-11D3-BF4B-00C04F79EFBC}") = "RuiRoutingTest.Droid", "RuiRoutingTest\RuiRoutingTest.Droid\RuiRoutingTest.Droid.csproj", "{43AE7E39-4BEB-47C4-970F-B14179B2E212}"
EndProject
Project("{FAE04EC0-301F-11D3-BF4B-00C04F79EFBC}") = "RuiRoutingTest.iOS", "RuiRoutingTest\RuiRoutingTest.iOS\RuiRoutingTest.iOS.csproj", "{9704452E-A863-4B92-96BA-C07B8B4F1847}"
EndProject
Project("{FAE04EC0-301F-11D3-BF4B-00C04F79EFBC}") = "RuiRoutingTest.WinPhone", "RuiRoutingTest\RuiRoutingTest.WinPhone\RuiRoutingTest.WinPhone.csproj", "{3A3CD615-2F65-42DA-BA2F-9CAC0DBDFAE2}"
EndProject
Project("{FAE04EC0-301F-11D3-BF4B-00C04F79EFBC}") = "RuiRoutingTest.UWP", "RuiRoutingTest\RuiRoutingTest.UWP\RuiRoutingTest.UWP.csproj", "{B759EB2F-3FD6-4BA0-BE3E-65D44E82D4D9}"
EndProject
Project("{FAE04EC0-301F-11D3-BF4B-00C04F79EFBC}") = "RuiRoutingTest.Windows", "RuiRoutingTest\RuiRoutingTest.Windows\RuiRoutingTest.Windows.csproj", "{638F6941-632C-472D-B763-396BAA7334FD}"
EndProject
Project("{FAE04EC0-301F-11D3-BF4B-00C04F79EFBC}") = "RuiRoutingTest", "RuiRoutingTest\RuiRoutingTest\RuiRoutingTest.csproj", "{AD9786DB-3592-4C12-B568-2051AF1DE3EF}"
EndProject
Global
	GlobalSection(SolutionConfigurationPlatforms) = preSolution
		Ad-Hoc|Any CPU = Ad-Hoc|Any CPU
		Ad-Hoc|ARM = Ad-Hoc|ARM
		Ad-Hoc|iPhone = Ad-Hoc|iPhone
		Ad-Hoc|iPhoneSimulator = Ad-Hoc|iPhoneSimulator
		Ad-Hoc|x64 = Ad-Hoc|x64
		Ad-Hoc|x86 = Ad-Hoc|x86
		AppStore|Any CPU = AppStore|Any CPU
		AppStore|ARM = AppStore|ARM
		AppStore|iPhone = AppStore|iPhone
		AppStore|iPhoneSimulator = AppStore|iPhoneSimulator
		AppStore|x64 = AppStore|x64
		AppStore|x86 = AppStore|x86
		Debug|Any CPU = Debug|Any CPU
		Debug|ARM = Debug|ARM
		Debug|iPhone = Debug|iPhone
		Debug|iPhoneSimulator = Debug|iPhoneSimulator
		Debug|x64 = Debug|x64
		Debug|x86 = Debug|x86
		Release|Any CPU = Release|Any CPU
		Release|ARM = Release|ARM
		Release|iPhone = Release|iPhone
		Release|iPhoneSimulator = Release|iPhoneSimulator
		Release|x64 = Release|x64
		Release|x86 = Release|x86
	EndGlobalSection
	GlobalSection(ProjectConfigurationPlatforms) = postSolution
		{43AE7E39-4BEB-47C4-970F-B14179B2E212}.Ad-Hoc|Any CPU.ActiveCfg = Release|Any CPU
		{43AE7E39-4BEB-47C4-970F-B14179B2E212}.Ad-Hoc|Any CPU.Build.0 = Release|Any CPU
		{43AE7E39-4BEB-47C4-970F-B14179B2E212}.Ad-Hoc|Any CPU.Deploy.0 = Release|Any CPU
		{43AE7E39-4BEB-47C4-970F-B14179B2E212}.Ad-Hoc|ARM.ActiveCfg = Release|Any CPU
		{43AE7E39-4BEB-47C4-970F-B14179B2E212}.Ad-Hoc|ARM.Build.0 = Release|Any CPU
		{43AE7E39-4BEB-47C4-970F-B14179B2E212}.Ad-Hoc|ARM.Deploy.0 = Release|Any CPU
		{43AE7E39-4BEB-47C4-970F-B14179B2E212}.Ad-Hoc|iPhone.ActiveCfg = Release|Any CPU
		{43AE7E39-4BEB-47C4-970F-B14179B2E212}.Ad-Hoc|iPhone.Build.0 = Release|Any CPU
		{43AE7E39-4BEB-47C4-970F-B14179B2E212}.Ad-Hoc|iPhone.Deploy.0 = Release|Any CPU
		{43AE7E39-4BEB-47C4-970F-B14179B2E212}.Ad-Hoc|iPhoneSimulator.ActiveCfg = Release|Any CPU
		{43AE7E39-4BEB-47C4-970F-B14179B2E212}.Ad-Hoc|iPhoneSimulator.Build.0 = Release|Any CPU
		{43AE7E39-4BEB-47C4-970F-B14179B2E212}.Ad-Hoc|iPhoneSimulator.Deploy.0 = Release|Any CPU
		{43AE7E39-4BEB-47C4-970F-B14179B2E212}.Ad-Hoc|x64.ActiveCfg = Release|Any CPU
		{43AE7E39-4BEB-47C4-970F-B14179B2E212}.Ad-Hoc|x64.Build.0 = Release|Any CPU
		{43AE7E39-4BEB-47C4-970F-B14179B2E212}.Ad-Hoc|x64.Deploy.0 = Release|Any CPU
		{43AE7E39-4BEB-47C4-970F-B14179B2E212}.Ad-Hoc|x86.ActiveCfg = Release|Any CPU
		{43AE7E39-4BEB-47C4-970F-B14179B2E212}.Ad-Hoc|x86.Build.0 = Release|Any CPU
		{43AE7E39-4BEB-47C4-970F-B14179B2E212}.Ad-Hoc|x86.Deploy.0 = Release|Any CPU
		{43AE7E39-4BEB-47C4-970F-B14179B2E212}.AppStore|Any CPU.ActiveCfg = Release|Any CPU
		{43AE7E39-4BEB-47C4-970F-B14179B2E212}.AppStore|Any CPU.Build.0 = Release|Any CPU
		{43AE7E39-4BEB-47C4-970F-B14179B2E212}.AppStore|Any CPU.Deploy.0 = Release|Any CPU
		{43AE7E39-4BEB-47C4-970F-B14179B2E212}.AppStore|ARM.ActiveCfg = Release|Any CPU
		{43AE7E39-4BEB-47C4-970F-B14179B2E212}.AppStore|ARM.Build.0 = Release|Any CPU
		{43AE7E39-4BEB-47C4-970F-B14179B2E212}.AppStore|ARM.Deploy.0 = Release|Any CPU
		{43AE7E39-4BEB-47C4-970F-B14179B2E212}.AppStore|iPhone.ActiveCfg = Release|Any CPU
		{43AE7E39-4BEB-47C4-970F-B14179B2E212}.AppStore|iPhone.Build.0 = Release|Any CPU
		{43AE7E39-4BEB-47C4-970F-B14179B2E212}.AppStore|iPhone.Deploy.0 = Release|Any CPU
		{43AE7E39-4BEB-47C4-970F-B14179B2E212}.AppStore|iPhoneSimulator.ActiveCfg = Release|Any CPU
		{43AE7E39-4BEB-47C4-970F-B14179B2E212}.AppStore|iPhoneSimulator.Build.0 = Release|Any CPU
		{43AE7E39-4BEB-47C4-970F-B14179B2E212}.AppStore|iPhoneSimulator.Deploy.0 = Release|Any CPU
		{43AE7E39-4BEB-47C4-970F-B14179B2E212}.AppStore|x64.ActiveCfg = Release|Any CPU
		{43AE7E39-4BEB-47C4-970F-B14179B2E212}.AppStore|x64.Build.0 = Release|Any CPU
		{43AE7E39-4BEB-47C4-970F-B14179B2E212}.AppStore|x64.Deploy.0 = Release|Any CPU
		{43AE7E39-4BEB-47C4-970F-B14179B2E212}.AppStore|x86.ActiveCfg = Release|Any CPU
		{43AE7E39-4BEB-47C4-970F-B14179B2E212}.AppStore|x86.Build.0 = Release|Any CPU
		{43AE7E39-4BEB-47C4-970F-B14179B2E212}.AppStore|x86.Deploy.0 = Release|Any CPU
		{43AE7E39-4BEB-47C4-970F-B14179B2E212}.Debug|Any CPU.ActiveCfg = Debug|Any CPU
		{43AE7E39-4BEB-47C4-970F-B14179B2E212}.Debug|Any CPU.Build.0 = Debug|Any CPU
		{43AE7E39-4BEB-47C4-970F-B14179B2E212}.Debug|Any CPU.Deploy.0 = Debug|Any CPU
		{43AE7E39-4BEB-47C4-970F-B14179B2E212}.Debug|ARM.ActiveCfg = Debug|Any CPU
		{43AE7E39-4BEB-47C4-970F-B14179B2E212}.Debug|ARM.Build.0 = Debug|Any CPU
		{43AE7E39-4BEB-47C4-970F-B14179B2E212}.Debug|ARM.Deploy.0 = Debug|Any CPU
		{43AE7E39-4BEB-47C4-970F-B14179B2E212}.Debug|iPhone.ActiveCfg = Debug|Any CPU
		{43AE7E39-4BEB-47C4-970F-B14179B2E212}.Debug|iPhone.Build.0 = Debug|Any CPU
		{43AE7E39-4BEB-47C4-970F-B14179B2E212}.Debug|iPhone.Deploy.0 = Debug|Any CPU
		{43AE7E39-4BEB-47C4-970F-B14179B2E212}.Debug|iPhoneSimulator.ActiveCfg = Debug|Any CPU
		{43AE7E39-4BEB-47C4-970F-B14179B2E212}.Debug|iPhoneSimulator.Build.0 = Debug|Any CPU
		{43AE7E39-4BEB-47C4-970F-B14179B2E212}.Debug|iPhoneSimulator.Deploy.0 = Debug|Any CPU
		{43AE7E39-4BEB-47C4-970F-B14179B2E212}.Debug|x64.ActiveCfg = Debug|Any CPU
		{43AE7E39-4BEB-47C4-970F-B14179B2E212}.Debug|x64.Build.0 = Debug|Any CPU
		{43AE7E39-4BEB-47C4-970F-B14179B2E212}.Debug|x64.Deploy.0 = Debug|Any CPU
		{43AE7E39-4BEB-47C4-970F-B14179B2E212}.Debug|x86.ActiveCfg = Debug|Any CPU
		{43AE7E39-4BEB-47C4-970F-B14179B2E212}.Debug|x86.Build.0 = Debug|Any CPU
		{43AE7E39-4BEB-47C4-970F-B14179B2E212}.Debug|x86.Deploy.0 = Debug|Any CPU
		{43AE7E39-4BEB-47C4-970F-B14179B2E212}.Release|Any CPU.ActiveCfg = Release|Any CPU
		{43AE7E39-4BEB-47C4-970F-B14179B2E212}.Release|Any CPU.Build.0 = Release|Any CPU
		{43AE7E39-4BEB-47C4-970F-B14179B2E212}.Release|Any CPU.Deploy.0 = Release|Any CPU
		{43AE7E39-4BEB-47C4-970F-B14179B2E212}.Release|ARM.ActiveCfg = Release|Any CPU
		{43AE7E39-4BEB-47C4-970F-B14179B2E212}.Release|ARM.Build.0 = Release|Any CPU
		{43AE7E39-4BEB-47C4-970F-B14179B2E212}.Release|ARM.Deploy.0 = Release|Any CPU
		{43AE7E39-4BEB-47C4-970F-B14179B2E212}.Release|iPhone.ActiveCfg = Release|Any CPU
		{43AE7E39-4BEB-47C4-970F-B14179B2E212}.Release|iPhone.Build.0 = Release|Any CPU
		{43AE7E39-4BEB-47C4-970F-B14179B2E212}.Release|iPhone.Deploy.0 = Release|Any CPU
		{43AE7E39-4BEB-47C4-970F-B14179B2E212}.Release|iPhoneSimulator.ActiveCfg = Release|Any CPU
		{43AE7E39-4BEB-47C4-970F-B14179B2E212}.Release|iPhoneSimulator.Build.0 = Release|Any CPU
		{43AE7E39-4BEB-47C4-970F-B14179B2E212}.Release|iPhoneSimulator.Deploy.0 = Release|Any CPU
		{43AE7E39-4BEB-47C4-970F-B14179B2E212}.Release|x64.ActiveCfg = Release|Any CPU
		{43AE7E39-4BEB-47C4-970F-B14179B2E212}.Release|x64.Build.0 = Release|Any CPU
		{43AE7E39-4BEB-47C4-970F-B14179B2E212}.Release|x64.Deploy.0 = Release|Any CPU
		{43AE7E39-4BEB-47C4-970F-B14179B2E212}.Release|x86.ActiveCfg = Release|Any CPU
		{43AE7E39-4BEB-47C4-970F-B14179B2E212}.Release|x86.Build.0 = Release|Any CPU
		{43AE7E39-4BEB-47C4-970F-B14179B2E212}.Release|x86.Deploy.0 = Release|Any CPU
		{9704452E-A863-4B92-96BA-C07B8B4F1847}.Ad-Hoc|Any CPU.ActiveCfg = Ad-Hoc|iPhone
		{9704452E-A863-4B92-96BA-C07B8B4F1847}.Ad-Hoc|ARM.ActiveCfg = Ad-Hoc|iPhone
		{9704452E-A863-4B92-96BA-C07B8B4F1847}.Ad-Hoc|iPhone.ActiveCfg = Ad-Hoc|iPhone
		{9704452E-A863-4B92-96BA-C07B8B4F1847}.Ad-Hoc|iPhone.Build.0 = Ad-Hoc|iPhone
		{9704452E-A863-4B92-96BA-C07B8B4F1847}.Ad-Hoc|iPhoneSimulator.ActiveCfg = Ad-Hoc|iPhoneSimulator
		{9704452E-A863-4B92-96BA-C07B8B4F1847}.Ad-Hoc|iPhoneSimulator.Build.0 = Ad-Hoc|iPhoneSimulator
		{9704452E-A863-4B92-96BA-C07B8B4F1847}.Ad-Hoc|x64.ActiveCfg = Ad-Hoc|iPhone
		{9704452E-A863-4B92-96BA-C07B8B4F1847}.Ad-Hoc|x86.ActiveCfg = Ad-Hoc|iPhone
		{9704452E-A863-4B92-96BA-C07B8B4F1847}.AppStore|Any CPU.ActiveCfg = AppStore|iPhone
		{9704452E-A863-4B92-96BA-C07B8B4F1847}.AppStore|ARM.ActiveCfg = AppStore|iPhone
		{9704452E-A863-4B92-96BA-C07B8B4F1847}.AppStore|iPhone.ActiveCfg = AppStore|iPhone
		{9704452E-A863-4B92-96BA-C07B8B4F1847}.AppStore|iPhone.Build.0 = AppStore|iPhone
		{9704452E-A863-4B92-96BA-C07B8B4F1847}.AppStore|iPhoneSimulator.ActiveCfg = AppStore|iPhoneSimulator
		{9704452E-A863-4B92-96BA-C07B8B4F1847}.AppStore|iPhoneSimulator.Build.0 = AppStore|iPhoneSimulator
		{9704452E-A863-4B92-96BA-C07B8B4F1847}.AppStore|x64.ActiveCfg = AppStore|iPhone
		{9704452E-A863-4B92-96BA-C07B8B4F1847}.AppStore|x86.ActiveCfg = AppStore|iPhone
		{9704452E-A863-4B92-96BA-C07B8B4F1847}.Debug|Any CPU.ActiveCfg = Debug|iPhone
		{9704452E-A863-4B92-96BA-C07B8B4F1847}.Debug|ARM.ActiveCfg = Debug|iPhone
		{9704452E-A863-4B92-96BA-C07B8B4F1847}.Debug|iPhone.ActiveCfg = Debug|iPhone
		{9704452E-A863-4B92-96BA-C07B8B4F1847}.Debug|iPhone.Build.0 = Debug|iPhone
		{9704452E-A863-4B92-96BA-C07B8B4F1847}.Debug|iPhoneSimulator.ActiveCfg = Debug|iPhoneSimulator
		{9704452E-A863-4B92-96BA-C07B8B4F1847}.Debug|iPhoneSimulator.Build.0 = Debug|iPhoneSimulator
		{9704452E-A863-4B92-96BA-C07B8B4F1847}.Debug|x64.ActiveCfg = Debug|iPhone
		{9704452E-A863-4B92-96BA-C07B8B4F1847}.Debug|x86.ActiveCfg = Debug|iPhone
		{9704452E-A863-4B92-96BA-C07B8B4F1847}.Release|Any CPU.ActiveCfg = Release|iPhone
		{9704452E-A863-4B92-96BA-C07B8B4F1847}.Release|ARM.ActiveCfg = Release|iPhone
		{9704452E-A863-4B92-96BA-C07B8B4F1847}.Release|iPhone.ActiveCfg = Release|iPhone
		{9704452E-A863-4B92-96BA-C07B8B4F1847}.Release|iPhone.Build.0 = Release|iPhone
		{9704452E-A863-4B92-96BA-C07B8B4F1847}.Release|iPhoneSimulator.ActiveCfg = Release|iPhoneSimulator
		{9704452E-A863-4B92-96BA-C07B8B4F1847}.Release|iPhoneSimulator.Build.0 = Release|iPhoneSimulator
		{9704452E-A863-4B92-96BA-C07B8B4F1847}.Release|x64.ActiveCfg = Release|iPhone
		{9704452E-A863-4B92-96BA-C07B8B4F1847}.Release|x86.ActiveCfg = Release|iPhone
		{3A3CD615-2F65-42DA-BA2F-9CAC0DBDFAE2}.Ad-Hoc|Any CPU.ActiveCfg = Release|Any CPU
		{3A3CD615-2F65-42DA-BA2F-9CAC0DBDFAE2}.Ad-Hoc|Any CPU.Build.0 = Release|Any CPU
		{3A3CD615-2F65-42DA-BA2F-9CAC0DBDFAE2}.Ad-Hoc|Any CPU.Deploy.0 = Release|Any CPU
		{3A3CD615-2F65-42DA-BA2F-9CAC0DBDFAE2}.Ad-Hoc|ARM.ActiveCfg = Release|ARM
		{3A3CD615-2F65-42DA-BA2F-9CAC0DBDFAE2}.Ad-Hoc|ARM.Build.0 = Release|ARM
		{3A3CD615-2F65-42DA-BA2F-9CAC0DBDFAE2}.Ad-Hoc|ARM.Deploy.0 = Release|ARM
		{3A3CD615-2F65-42DA-BA2F-9CAC0DBDFAE2}.Ad-Hoc|iPhone.ActiveCfg = Release|Any CPU
		{3A3CD615-2F65-42DA-BA2F-9CAC0DBDFAE2}.Ad-Hoc|iPhone.Build.0 = Release|Any CPU
		{3A3CD615-2F65-42DA-BA2F-9CAC0DBDFAE2}.Ad-Hoc|iPhone.Deploy.0 = Release|Any CPU
		{3A3CD615-2F65-42DA-BA2F-9CAC0DBDFAE2}.Ad-Hoc|iPhoneSimulator.ActiveCfg = Release|Any CPU
		{3A3CD615-2F65-42DA-BA2F-9CAC0DBDFAE2}.Ad-Hoc|iPhoneSimulator.Build.0 = Release|Any CPU
		{3A3CD615-2F65-42DA-BA2F-9CAC0DBDFAE2}.Ad-Hoc|iPhoneSimulator.Deploy.0 = Release|Any CPU
		{3A3CD615-2F65-42DA-BA2F-9CAC0DBDFAE2}.Ad-Hoc|x64.ActiveCfg = Release|Any CPU
		{3A3CD615-2F65-42DA-BA2F-9CAC0DBDFAE2}.Ad-Hoc|x64.Build.0 = Release|Any CPU
		{3A3CD615-2F65-42DA-BA2F-9CAC0DBDFAE2}.Ad-Hoc|x64.Deploy.0 = Release|Any CPU
		{3A3CD615-2F65-42DA-BA2F-9CAC0DBDFAE2}.Ad-Hoc|x86.ActiveCfg = Release|x86
		{3A3CD615-2F65-42DA-BA2F-9CAC0DBDFAE2}.Ad-Hoc|x86.Build.0 = Release|x86
		{3A3CD615-2F65-42DA-BA2F-9CAC0DBDFAE2}.Ad-Hoc|x86.Deploy.0 = Release|x86
		{3A3CD615-2F65-42DA-BA2F-9CAC0DBDFAE2}.AppStore|Any CPU.ActiveCfg = Release|Any CPU
		{3A3CD615-2F65-42DA-BA2F-9CAC0DBDFAE2}.AppStore|Any CPU.Build.0 = Release|Any CPU
		{3A3CD615-2F65-42DA-BA2F-9CAC0DBDFAE2}.AppStore|Any CPU.Deploy.0 = Release|Any CPU
		{3A3CD615-2F65-42DA-BA2F-9CAC0DBDFAE2}.AppStore|ARM.ActiveCfg = Release|ARM
		{3A3CD615-2F65-42DA-BA2F-9CAC0DBDFAE2}.AppStore|ARM.Build.0 = Release|ARM
		{3A3CD615-2F65-42DA-BA2F-9CAC0DBDFAE2}.AppStore|ARM.Deploy.0 = Release|ARM
		{3A3CD615-2F65-42DA-BA2F-9CAC0DBDFAE2}.AppStore|iPhone.ActiveCfg = Release|Any CPU
		{3A3CD615-2F65-42DA-BA2F-9CAC0DBDFAE2}.AppStore|iPhone.Build.0 = Release|Any CPU
		{3A3CD615-2F65-42DA-BA2F-9CAC0DBDFAE2}.AppStore|iPhone.Deploy.0 = Release|Any CPU
		{3A3CD615-2F65-42DA-BA2F-9CAC0DBDFAE2}.AppStore|iPhoneSimulator.ActiveCfg = Release|Any CPU
		{3A3CD615-2F65-42DA-BA2F-9CAC0DBDFAE2}.AppStore|iPhoneSimulator.Build.0 = Release|Any CPU
		{3A3CD615-2F65-42DA-BA2F-9CAC0DBDFAE2}.AppStore|iPhoneSimulator.Deploy.0 = Release|Any CPU
		{3A3CD615-2F65-42DA-BA2F-9CAC0DBDFAE2}.AppStore|x64.ActiveCfg = Release|Any CPU
		{3A3CD615-2F65-42DA-BA2F-9CAC0DBDFAE2}.AppStore|x64.Build.0 = Release|Any CPU
		{3A3CD615-2F65-42DA-BA2F-9CAC0DBDFAE2}.AppStore|x64.Deploy.0 = Release|Any CPU
		{3A3CD615-2F65-42DA-BA2F-9CAC0DBDFAE2}.AppStore|x86.ActiveCfg = Release|x86
		{3A3CD615-2F65-42DA-BA2F-9CAC0DBDFAE2}.AppStore|x86.Build.0 = Release|x86
		{3A3CD615-2F65-42DA-BA2F-9CAC0DBDFAE2}.AppStore|x86.Deploy.0 = Release|x86
		{3A3CD615-2F65-42DA-BA2F-9CAC0DBDFAE2}.Debug|Any CPU.ActiveCfg = Debug|Any CPU
		{3A3CD615-2F65-42DA-BA2F-9CAC0DBDFAE2}.Debug|Any CPU.Build.0 = Debug|Any CPU
		{3A3CD615-2F65-42DA-BA2F-9CAC0DBDFAE2}.Debug|Any CPU.Deploy.0 = Debug|Any CPU
		{3A3CD615-2F65-42DA-BA2F-9CAC0DBDFAE2}.Debug|ARM.ActiveCfg = Debug|ARM
		{3A3CD615-2F65-42DA-BA2F-9CAC0DBDFAE2}.Debug|ARM.Build.0 = Debug|ARM
		{3A3CD615-2F65-42DA-BA2F-9CAC0DBDFAE2}.Debug|ARM.Deploy.0 = Debug|ARM
		{3A3CD615-2F65-42DA-BA2F-9CAC0DBDFAE2}.Debug|iPhone.ActiveCfg = Debug|Any CPU
		{3A3CD615-2F65-42DA-BA2F-9CAC0DBDFAE2}.Debug|iPhone.Build.0 = Debug|Any CPU
		{3A3CD615-2F65-42DA-BA2F-9CAC0DBDFAE2}.Debug|iPhone.Deploy.0 = Debug|Any CPU
		{3A3CD615-2F65-42DA-BA2F-9CAC0DBDFAE2}.Debug|iPhoneSimulator.ActiveCfg = Debug|Any CPU
		{3A3CD615-2F65-42DA-BA2F-9CAC0DBDFAE2}.Debug|iPhoneSimulator.Build.0 = Debug|Any CPU
		{3A3CD615-2F65-42DA-BA2F-9CAC0DBDFAE2}.Debug|iPhoneSimulator.Deploy.0 = Debug|Any CPU
		{3A3CD615-2F65-42DA-BA2F-9CAC0DBDFAE2}.Debug|x64.ActiveCfg = Debug|Any CPU
		{3A3CD615-2F65-42DA-BA2F-9CAC0DBDFAE2}.Debug|x64.Build.0 = Debug|Any CPU
		{3A3CD615-2F65-42DA-BA2F-9CAC0DBDFAE2}.Debug|x64.Deploy.0 = Debug|Any CPU
		{3A3CD615-2F65-42DA-BA2F-9CAC0DBDFAE2}.Debug|x86.ActiveCfg = Debug|x86
		{3A3CD615-2F65-42DA-BA2F-9CAC0DBDFAE2}.Debug|x86.Build.0 = Debug|x86
		{3A3CD615-2F65-42DA-BA2F-9CAC0DBDFAE2}.Debug|x86.Deploy.0 = Debug|x86
		{3A3CD615-2F65-42DA-BA2F-9CAC0DBDFAE2}.Release|Any CPU.ActiveCfg = Release|Any CPU
		{3A3CD615-2F65-42DA-BA2F-9CAC0DBDFAE2}.Release|Any CPU.Build.0 = Release|Any CPU
		{3A3CD615-2F65-42DA-BA2F-9CAC0DBDFAE2}.Release|Any CPU.Deploy.0 = Release|Any CPU
		{3A3CD615-2F65-42DA-BA2F-9CAC0DBDFAE2}.Release|ARM.ActiveCfg = Release|ARM
		{3A3CD615-2F65-42DA-BA2F-9CAC0DBDFAE2}.Release|ARM.Build.0 = Release|ARM
		{3A3CD615-2F65-42DA-BA2F-9CAC0DBDFAE2}.Release|ARM.Deploy.0 = Release|ARM
		{3A3CD615-2F65-42DA-BA2F-9CAC0DBDFAE2}.Release|iPhone.ActiveCfg = Release|Any CPU
		{3A3CD615-2F65-42DA-BA2F-9CAC0DBDFAE2}.Release|iPhone.Build.0 = Release|Any CPU
		{3A3CD615-2F65-42DA-BA2F-9CAC0DBDFAE2}.Release|iPhone.Deploy.0 = Release|Any CPU
		{3A3CD615-2F65-42DA-BA2F-9CAC0DBDFAE2}.Release|iPhoneSimulator.ActiveCfg = Release|Any CPU
		{3A3CD615-2F65-42DA-BA2F-9CAC0DBDFAE2}.Release|iPhoneSimulator.Build.0 = Release|Any CPU
		{3A3CD615-2F65-42DA-BA2F-9CAC0DBDFAE2}.Release|iPhoneSimulator.Deploy.0 = Release|Any CPU
		{3A3CD615-2F65-42DA-BA2F-9CAC0DBDFAE2}.Release|x64.ActiveCfg = Release|Any CPU
		{3A3CD615-2F65-42DA-BA2F-9CAC0DBDFAE2}.Release|x64.Build.0 = Release|Any CPU
		{3A3CD615-2F65-42DA-BA2F-9CAC0DBDFAE2}.Release|x64.Deploy.0 = Release|Any CPU
		{3A3CD615-2F65-42DA-BA2F-9CAC0DBDFAE2}.Release|x86.ActiveCfg = Release|x86
		{3A3CD615-2F65-42DA-BA2F-9CAC0DBDFAE2}.Release|x86.Build.0 = Release|x86
		{3A3CD615-2F65-42DA-BA2F-9CAC0DBDFAE2}.Release|x86.Deploy.0 = Release|x86
		{B759EB2F-3FD6-4BA0-BE3E-65D44E82D4D9}.Ad-Hoc|Any CPU.ActiveCfg = Release|x86
		{B759EB2F-3FD6-4BA0-BE3E-65D44E82D4D9}.Ad-Hoc|Any CPU.Build.0 = Release|x86
		{B759EB2F-3FD6-4BA0-BE3E-65D44E82D4D9}.Ad-Hoc|Any CPU.Deploy.0 = Release|x86
		{B759EB2F-3FD6-4BA0-BE3E-65D44E82D4D9}.Ad-Hoc|ARM.ActiveCfg = Release|ARM
		{B759EB2F-3FD6-4BA0-BE3E-65D44E82D4D9}.Ad-Hoc|ARM.Build.0 = Release|ARM
		{B759EB2F-3FD6-4BA0-BE3E-65D44E82D4D9}.Ad-Hoc|ARM.Deploy.0 = Release|ARM
		{B759EB2F-3FD6-4BA0-BE3E-65D44E82D4D9}.Ad-Hoc|iPhone.ActiveCfg = Release|x86
		{B759EB2F-3FD6-4BA0-BE3E-65D44E82D4D9}.Ad-Hoc|iPhone.Build.0 = Release|x86
		{B759EB2F-3FD6-4BA0-BE3E-65D44E82D4D9}.Ad-Hoc|iPhone.Deploy.0 = Release|x86
		{B759EB2F-3FD6-4BA0-BE3E-65D44E82D4D9}.Ad-Hoc|iPhoneSimulator.ActiveCfg = Release|x86
		{B759EB2F-3FD6-4BA0-BE3E-65D44E82D4D9}.Ad-Hoc|iPhoneSimulator.Build.0 = Release|x86
		{B759EB2F-3FD6-4BA0-BE3E-65D44E82D4D9}.Ad-Hoc|iPhoneSimulator.Deploy.0 = Release|x86
		{B759EB2F-3FD6-4BA0-BE3E-65D44E82D4D9}.Ad-Hoc|x64.ActiveCfg = Release|x64
		{B759EB2F-3FD6-4BA0-BE3E-65D44E82D4D9}.Ad-Hoc|x64.Build.0 = Release|x64
		{B759EB2F-3FD6-4BA0-BE3E-65D44E82D4D9}.Ad-Hoc|x64.Deploy.0 = Release|x64
		{B759EB2F-3FD6-4BA0-BE3E-65D44E82D4D9}.Ad-Hoc|x86.ActiveCfg = Release|x86
		{B759EB2F-3FD6-4BA0-BE3E-65D44E82D4D9}.Ad-Hoc|x86.Build.0 = Release|x86
		{B759EB2F-3FD6-4BA0-BE3E-65D44E82D4D9}.Ad-Hoc|x86.Deploy.0 = Release|x86
		{B759EB2F-3FD6-4BA0-BE3E-65D44E82D4D9}.AppStore|Any CPU.ActiveCfg = Release|x86
		{B759EB2F-3FD6-4BA0-BE3E-65D44E82D4D9}.AppStore|Any CPU.Build.0 = Release|x86
		{B759EB2F-3FD6-4BA0-BE3E-65D44E82D4D9}.AppStore|Any CPU.Deploy.0 = Release|x86
		{B759EB2F-3FD6-4BA0-BE3E-65D44E82D4D9}.AppStore|ARM.ActiveCfg = Release|ARM
		{B759EB2F-3FD6-4BA0-BE3E-65D44E82D4D9}.AppStore|ARM.Build.0 = Release|ARM
		{B759EB2F-3FD6-4BA0-BE3E-65D44E82D4D9}.AppStore|ARM.Deploy.0 = Release|ARM
		{B759EB2F-3FD6-4BA0-BE3E-65D44E82D4D9}.AppStore|iPhone.ActiveCfg = Release|x86
		{B759EB2F-3FD6-4BA0-BE3E-65D44E82D4D9}.AppStore|iPhone.Build.0 = Release|x86
		{B759EB2F-3FD6-4BA0-BE3E-65D44E82D4D9}.AppStore|iPhone.Deploy.0 = Release|x86
		{B759EB2F-3FD6-4BA0-BE3E-65D44E82D4D9}.AppStore|iPhoneSimulator.ActiveCfg = Release|x86
		{B759EB2F-3FD6-4BA0-BE3E-65D44E82D4D9}.AppStore|iPhoneSimulator.Build.0 = Release|x86
		{B759EB2F-3FD6-4BA0-BE3E-65D44E82D4D9}.AppStore|iPhoneSimulator.Deploy.0 = Release|x86
		{B759EB2F-3FD6-4BA0-BE3E-65D44E82D4D9}.AppStore|x64.ActiveCfg = Release|x64
		{B759EB2F-3FD6-4BA0-BE3E-65D44E82D4D9}.AppStore|x64.Build.0 = Release|x64
		{B759EB2F-3FD6-4BA0-BE3E-65D44E82D4D9}.AppStore|x64.Deploy.0 = Release|x64
		{B759EB2F-3FD6-4BA0-BE3E-65D44E82D4D9}.AppStore|x86.ActiveCfg = Release|x86
		{B759EB2F-3FD6-4BA0-BE3E-65D44E82D4D9}.AppStore|x86.Build.0 = Release|x86
		{B759EB2F-3FD6-4BA0-BE3E-65D44E82D4D9}.AppStore|x86.Deploy.0 = Release|x86
		{B759EB2F-3FD6-4BA0-BE3E-65D44E82D4D9}.Debug|Any CPU.ActiveCfg = Debug|x86
		{B759EB2F-3FD6-4BA0-BE3E-65D44E82D4D9}.Debug|ARM.ActiveCfg = Debug|ARM
		{B759EB2F-3FD6-4BA0-BE3E-65D44E82D4D9}.Debug|ARM.Build.0 = Debug|ARM
		{B759EB2F-3FD6-4BA0-BE3E-65D44E82D4D9}.Debug|ARM.Deploy.0 = Debug|ARM
		{B759EB2F-3FD6-4BA0-BE3E-65D44E82D4D9}.Debug|iPhone.ActiveCfg = Debug|x86
		{B759EB2F-3FD6-4BA0-BE3E-65D44E82D4D9}.Debug|iPhoneSimulator.ActiveCfg = Debug|x86
		{B759EB2F-3FD6-4BA0-BE3E-65D44E82D4D9}.Debug|x64.ActiveCfg = Debug|x64
		{B759EB2F-3FD6-4BA0-BE3E-65D44E82D4D9}.Debug|x64.Build.0 = Debug|x64
		{B759EB2F-3FD6-4BA0-BE3E-65D44E82D4D9}.Debug|x64.Deploy.0 = Debug|x64
		{B759EB2F-3FD6-4BA0-BE3E-65D44E82D4D9}.Debug|x86.ActiveCfg = Debug|x86
		{B759EB2F-3FD6-4BA0-BE3E-65D44E82D4D9}.Debug|x86.Build.0 = Debug|x86
		{B759EB2F-3FD6-4BA0-BE3E-65D44E82D4D9}.Debug|x86.Deploy.0 = Debug|x86
		{B759EB2F-3FD6-4BA0-BE3E-65D44E82D4D9}.Release|Any CPU.ActiveCfg = Release|x86
		{B759EB2F-3FD6-4BA0-BE3E-65D44E82D4D9}.Release|ARM.ActiveCfg = Release|ARM
		{B759EB2F-3FD6-4BA0-BE3E-65D44E82D4D9}.Release|ARM.Build.0 = Release|ARM
		{B759EB2F-3FD6-4BA0-BE3E-65D44E82D4D9}.Release|ARM.Deploy.0 = Release|ARM
		{B759EB2F-3FD6-4BA0-BE3E-65D44E82D4D9}.Release|iPhone.ActiveCfg = Release|x86
		{B759EB2F-3FD6-4BA0-BE3E-65D44E82D4D9}.Release|iPhoneSimulator.ActiveCfg = Release|x86
		{B759EB2F-3FD6-4BA0-BE3E-65D44E82D4D9}.Release|x64.ActiveCfg = Release|x64
		{B759EB2F-3FD6-4BA0-BE3E-65D44E82D4D9}.Release|x64.Build.0 = Release|x64
		{B759EB2F-3FD6-4BA0-BE3E-65D44E82D4D9}.Release|x64.Deploy.0 = Release|x64
		{B759EB2F-3FD6-4BA0-BE3E-65D44E82D4D9}.Release|x86.ActiveCfg = Release|x86
		{B759EB2F-3FD6-4BA0-BE3E-65D44E82D4D9}.Release|x86.Build.0 = Release|x86
		{B759EB2F-3FD6-4BA0-BE3E-65D44E82D4D9}.Release|x86.Deploy.0 = Release|x86
		{638F6941-632C-472D-B763-396BAA7334FD}.Ad-Hoc|Any CPU.ActiveCfg = Release|Any CPU
		{638F6941-632C-472D-B763-396BAA7334FD}.Ad-Hoc|Any CPU.Build.0 = Release|Any CPU
		{638F6941-632C-472D-B763-396BAA7334FD}.Ad-Hoc|Any CPU.Deploy.0 = Release|Any CPU
		{638F6941-632C-472D-B763-396BAA7334FD}.Ad-Hoc|ARM.ActiveCfg = Release|ARM
		{638F6941-632C-472D-B763-396BAA7334FD}.Ad-Hoc|ARM.Build.0 = Release|ARM
		{638F6941-632C-472D-B763-396BAA7334FD}.Ad-Hoc|ARM.Deploy.0 = Release|ARM
		{638F6941-632C-472D-B763-396BAA7334FD}.Ad-Hoc|iPhone.ActiveCfg = Release|Any CPU
		{638F6941-632C-472D-B763-396BAA7334FD}.Ad-Hoc|iPhone.Build.0 = Release|Any CPU
		{638F6941-632C-472D-B763-396BAA7334FD}.Ad-Hoc|iPhone.Deploy.0 = Release|Any CPU
		{638F6941-632C-472D-B763-396BAA7334FD}.Ad-Hoc|iPhoneSimulator.ActiveCfg = Release|Any CPU
		{638F6941-632C-472D-B763-396BAA7334FD}.Ad-Hoc|iPhoneSimulator.Build.0 = Release|Any CPU
		{638F6941-632C-472D-B763-396BAA7334FD}.Ad-Hoc|iPhoneSimulator.Deploy.0 = Release|Any CPU
		{638F6941-632C-472D-B763-396BAA7334FD}.Ad-Hoc|x64.ActiveCfg = Release|x64
		{638F6941-632C-472D-B763-396BAA7334FD}.Ad-Hoc|x64.Build.0 = Release|x64
		{638F6941-632C-472D-B763-396BAA7334FD}.Ad-Hoc|x64.Deploy.0 = Release|x64
		{638F6941-632C-472D-B763-396BAA7334FD}.Ad-Hoc|x86.ActiveCfg = Release|x86
		{638F6941-632C-472D-B763-396BAA7334FD}.Ad-Hoc|x86.Build.0 = Release|x86
		{638F6941-632C-472D-B763-396BAA7334FD}.Ad-Hoc|x86.Deploy.0 = Release|x86
		{638F6941-632C-472D-B763-396BAA7334FD}.AppStore|Any CPU.ActiveCfg = Release|Any CPU
		{638F6941-632C-472D-B763-396BAA7334FD}.AppStore|Any CPU.Build.0 = Release|Any CPU
		{638F6941-632C-472D-B763-396BAA7334FD}.AppStore|Any CPU.Deploy.0 = Release|Any CPU
		{638F6941-632C-472D-B763-396BAA7334FD}.AppStore|ARM.ActiveCfg = Release|ARM
		{638F6941-632C-472D-B763-396BAA7334FD}.AppStore|ARM.Build.0 = Release|ARM
		{638F6941-632C-472D-B763-396BAA7334FD}.AppStore|ARM.Deploy.0 = Release|ARM
		{638F6941-632C-472D-B763-396BAA7334FD}.AppStore|iPhone.ActiveCfg = Release|Any CPU
		{638F6941-632C-472D-B763-396BAA7334FD}.AppStore|iPhone.Build.0 = Release|Any CPU
		{638F6941-632C-472D-B763-396BAA7334FD}.AppStore|iPhone.Deploy.0 = Release|Any CPU
		{638F6941-632C-472D-B763-396BAA7334FD}.AppStore|iPhoneSimulator.ActiveCfg = Release|Any CPU
		{638F6941-632C-472D-B763-396BAA7334FD}.AppStore|iPhoneSimulator.Build.0 = Release|Any CPU
		{638F6941-632C-472D-B763-396BAA7334FD}.AppStore|iPhoneSimulator.Deploy.0 = Release|Any CPU
		{638F6941-632C-472D-B763-396BAA7334FD}.AppStore|x64.ActiveCfg = Release|x64
		{638F6941-632C-472D-B763-396BAA7334FD}.AppStore|x64.Build.0 = Release|x64
		{638F6941-632C-472D-B763-396BAA7334FD}.AppStore|x64.Deploy.0 = Release|x64
		{638F6941-632C-472D-B763-396BAA7334FD}.AppStore|x86.ActiveCfg = Release|x86
		{638F6941-632C-472D-B763-396BAA7334FD}.AppStore|x86.Build.0 = Release|x86
		{638F6941-632C-472D-B763-396BAA7334FD}.AppStore|x86.Deploy.0 = Release|x86
		{638F6941-632C-472D-B763-396BAA7334FD}.Debug|Any CPU.ActiveCfg = Debug|Any CPU
		{638F6941-632C-472D-B763-396BAA7334FD}.Debug|Any CPU.Build.0 = Debug|Any CPU
		{638F6941-632C-472D-B763-396BAA7334FD}.Debug|Any CPU.Deploy.0 = Debug|Any CPU
		{638F6941-632C-472D-B763-396BAA7334FD}.Debug|ARM.ActiveCfg = Debug|ARM
		{638F6941-632C-472D-B763-396BAA7334FD}.Debug|ARM.Build.0 = Debug|ARM
		{638F6941-632C-472D-B763-396BAA7334FD}.Debug|ARM.Deploy.0 = Debug|ARM
		{638F6941-632C-472D-B763-396BAA7334FD}.Debug|iPhone.ActiveCfg = Debug|Any CPU
		{638F6941-632C-472D-B763-396BAA7334FD}.Debug|iPhone.Build.0 = Debug|Any CPU
		{638F6941-632C-472D-B763-396BAA7334FD}.Debug|iPhone.Deploy.0 = Debug|Any CPU
		{638F6941-632C-472D-B763-396BAA7334FD}.Debug|iPhoneSimulator.ActiveCfg = Debug|Any CPU
		{638F6941-632C-472D-B763-396BAA7334FD}.Debug|iPhoneSimulator.Build.0 = Debug|Any CPU
		{638F6941-632C-472D-B763-396BAA7334FD}.Debug|iPhoneSimulator.Deploy.0 = Debug|Any CPU
		{638F6941-632C-472D-B763-396BAA7334FD}.Debug|x64.ActiveCfg = Debug|x64
		{638F6941-632C-472D-B763-396BAA7334FD}.Debug|x64.Build.0 = Debug|x64
		{638F6941-632C-472D-B763-396BAA7334FD}.Debug|x64.Deploy.0 = Debug|x64
		{638F6941-632C-472D-B763-396BAA7334FD}.Debug|x86.ActiveCfg = Debug|x86
		{638F6941-632C-472D-B763-396BAA7334FD}.Debug|x86.Build.0 = Debug|x86
		{638F6941-632C-472D-B763-396BAA7334FD}.Debug|x86.Deploy.0 = Debug|x86
		{638F6941-632C-472D-B763-396BAA7334FD}.Release|Any CPU.ActiveCfg = Release|Any CPU
		{638F6941-632C-472D-B763-396BAA7334FD}.Release|Any CPU.Build.0 = Release|Any CPU
		{638F6941-632C-472D-B763-396BAA7334FD}.Release|Any CPU.Deploy.0 = Release|Any CPU
		{638F6941-632C-472D-B763-396BAA7334FD}.Release|ARM.ActiveCfg = Release|ARM
		{638F6941-632C-472D-B763-396BAA7334FD}.Release|ARM.Build.0 = Release|ARM
		{638F6941-632C-472D-B763-396BAA7334FD}.Release|ARM.Deploy.0 = Release|ARM
		{638F6941-632C-472D-B763-396BAA7334FD}.Release|iPhone.ActiveCfg = Release|Any CPU
		{638F6941-632C-472D-B763-396BAA7334FD}.Release|iPhone.Build.0 = Release|Any CPU
		{638F6941-632C-472D-B763-396BAA7334FD}.Release|iPhone.Deploy.0 = Release|Any CPU
		{638F6941-632C-472D-B763-396BAA7334FD}.Release|iPhoneSimulator.ActiveCfg = Release|Any CPU
		{638F6941-632C-472D-B763-396BAA7334FD}.Release|iPhoneSimulator.Build.0 = Release|Any CPU
		{638F6941-632C-472D-B763-396BAA7334FD}.Release|iPhoneSimulator.Deploy.0 = Release|Any CPU
		{638F6941-632C-472D-B763-396BAA7334FD}.Release|x64.ActiveCfg = Release|x64
		{638F6941-632C-472D-B763-396BAA7334FD}.Release|x64.Build.0 = Release|x64
		{638F6941-632C-472D-B763-396BAA7334FD}.Release|x64.Deploy.0 = Release|x64
		{638F6941-632C-472D-B763-396BAA7334FD}.Release|x86.ActiveCfg = Release|x86
		{638F6941-632C-472D-B763-396BAA7334FD}.Release|x86.Build.0 = Release|x86
		{638F6941-632C-472D-B763-396BAA7334FD}.Release|x86.Deploy.0 = Release|x86
		{AD9786DB-3592-4C12-B568-2051AF1DE3EF}.Ad-Hoc|Any CPU.ActiveCfg = Release|Any CPU
		{AD9786DB-3592-4C12-B568-2051AF1DE3EF}.Ad-Hoc|Any CPU.Build.0 = Release|Any CPU
		{AD9786DB-3592-4C12-B568-2051AF1DE3EF}.Ad-Hoc|ARM.ActiveCfg = Release|Any CPU
		{AD9786DB-3592-4C12-B568-2051AF1DE3EF}.Ad-Hoc|ARM.Build.0 = Release|Any CPU
		{AD9786DB-3592-4C12-B568-2051AF1DE3EF}.Ad-Hoc|iPhone.ActiveCfg = Release|Any CPU
		{AD9786DB-3592-4C12-B568-2051AF1DE3EF}.Ad-Hoc|iPhone.Build.0 = Release|Any CPU
		{AD9786DB-3592-4C12-B568-2051AF1DE3EF}.Ad-Hoc|iPhoneSimulator.ActiveCfg = Release|Any CPU
		{AD9786DB-3592-4C12-B568-2051AF1DE3EF}.Ad-Hoc|iPhoneSimulator.Build.0 = Release|Any CPU
		{AD9786DB-3592-4C12-B568-2051AF1DE3EF}.Ad-Hoc|x64.ActiveCfg = Release|Any CPU
		{AD9786DB-3592-4C12-B568-2051AF1DE3EF}.Ad-Hoc|x64.Build.0 = Release|Any CPU
		{AD9786DB-3592-4C12-B568-2051AF1DE3EF}.Ad-Hoc|x86.ActiveCfg = Release|Any CPU
		{AD9786DB-3592-4C12-B568-2051AF1DE3EF}.Ad-Hoc|x86.Build.0 = Release|Any CPU
		{AD9786DB-3592-4C12-B568-2051AF1DE3EF}.AppStore|Any CPU.ActiveCfg = Release|Any CPU
		{AD9786DB-3592-4C12-B568-2051AF1DE3EF}.AppStore|Any CPU.Build.0 = Release|Any CPU
		{AD9786DB-3592-4C12-B568-2051AF1DE3EF}.AppStore|ARM.ActiveCfg = Release|Any CPU
		{AD9786DB-3592-4C12-B568-2051AF1DE3EF}.AppStore|ARM.Build.0 = Release|Any CPU
		{AD9786DB-3592-4C12-B568-2051AF1DE3EF}.AppStore|iPhone.ActiveCfg = Release|Any CPU
		{AD9786DB-3592-4C12-B568-2051AF1DE3EF}.AppStore|iPhone.Build.0 = Release|Any CPU
		{AD9786DB-3592-4C12-B568-2051AF1DE3EF}.AppStore|iPhoneSimulator.ActiveCfg = Release|Any CPU
		{AD9786DB-3592-4C12-B568-2051AF1DE3EF}.AppStore|iPhoneSimulator.Build.0 = Release|Any CPU
		{AD9786DB-3592-4C12-B568-2051AF1DE3EF}.AppStore|x64.ActiveCfg = Release|Any CPU
		{AD9786DB-3592-4C12-B568-2051AF1DE3EF}.AppStore|x64.Build.0 = Release|Any CPU
		{AD9786DB-3592-4C12-B568-2051AF1DE3EF}.AppStore|x86.ActiveCfg = Release|Any CPU
		{AD9786DB-3592-4C12-B568-2051AF1DE3EF}.AppStore|x86.Build.0 = Release|Any CPU
		{AD9786DB-3592-4C12-B568-2051AF1DE3EF}.Debug|Any CPU.ActiveCfg = Debug|Any CPU
		{AD9786DB-3592-4C12-B568-2051AF1DE3EF}.Debug|Any CPU.Build.0 = Debug|Any CPU
		{AD9786DB-3592-4C12-B568-2051AF1DE3EF}.Debug|ARM.ActiveCfg = Debug|Any CPU
		{AD9786DB-3592-4C12-B568-2051AF1DE3EF}.Debug|ARM.Build.0 = Debug|Any CPU
		{AD9786DB-3592-4C12-B568-2051AF1DE3EF}.Debug|iPhone.ActiveCfg = Debug|Any CPU
		{AD9786DB-3592-4C12-B568-2051AF1DE3EF}.Debug|iPhone.Build.0 = Debug|Any CPU
		{AD9786DB-3592-4C12-B568-2051AF1DE3EF}.Debug|iPhoneSimulator.ActiveCfg = Debug|Any CPU
		{AD9786DB-3592-4C12-B568-2051AF1DE3EF}.Debug|iPhoneSimulator.Build.0 = Debug|Any CPU
		{AD9786DB-3592-4C12-B568-2051AF1DE3EF}.Debug|x64.ActiveCfg = Debug|Any CPU
		{AD9786DB-3592-4C12-B568-2051AF1DE3EF}.Debug|x64.Build.0 = Debug|Any CPU
		{AD9786DB-3592-4C12-B568-2051AF1DE3EF}.Debug|x86.ActiveCfg = Debug|Any CPU
		{AD9786DB-3592-4C12-B568-2051AF1DE3EF}.Debug|x86.Build.0 = Debug|Any CPU
		{AD9786DB-3592-4C12-B568-2051AF1DE3EF}.Release|Any CPU.ActiveCfg = Release|Any CPU
		{AD9786DB-3592-4C12-B568-2051AF1DE3EF}.Release|Any CPU.Build.0 = Release|Any CPU
		{AD9786DB-3592-4C12-B568-2051AF1DE3EF}.Release|ARM.ActiveCfg = Release|Any CPU
		{AD9786DB-3592-4C12-B568-2051AF1DE3EF}.Release|ARM.Build.0 = Release|Any CPU
		{AD9786DB-3592-4C12-B568-2051AF1DE3EF}.Release|iPhone.ActiveCfg = Release|Any CPU
		{AD9786DB-3592-4C12-B568-2051AF1DE3EF}.Release|iPhone.Build.0 = Release|Any CPU
		{AD9786DB-3592-4C12-B568-2051AF1DE3EF}.Release|iPhoneSimulator.ActiveCfg = Release|Any CPU
		{AD9786DB-3592-4C12-B568-2051AF1DE3EF}.Release|iPhoneSimulator.Build.0 = Release|Any CPU
		{AD9786DB-3592-4C12-B568-2051AF1DE3EF}.Release|x64.ActiveCfg = Release|Any CPU
		{AD9786DB-3592-4C12-B568-2051AF1DE3EF}.Release|x64.Build.0 = Release|Any CPU
		{AD9786DB-3592-4C12-B568-2051AF1DE3EF}.Release|x86.ActiveCfg = Release|Any CPU
		{AD9786DB-3592-4C12-B568-2051AF1DE3EF}.Release|x86.Build.0 = Release|Any CPU
	EndGlobalSection
	GlobalSection(SolutionProperties) = preSolution
		HideSolutionNode = FALSE
	EndGlobalSection
EndGlobal
